PODS:
  - BlocksKit (2.2.0):
    - BlocksKit/All
  - BlocksKit/All (2.2.0):
    - BlocksKit/Core
    - BlocksKit/DynamicDelegate
    - BlocksKit/MessageUI
    - BlocksKit/UIKit
  - BlocksKit/Core (2.2.0)
  - BlocksKit/DynamicDelegate (2.2.0):
    - BlocksKit/MiniFFI
  - BlocksKit/MessageUI (2.2.0):
    - BlocksKit/Core
    - BlocksKit/DynamicDelegate
  - BlocksKit/MiniFFI (2.2.0)
  - BlocksKit/UIKit (2.2.0):
    - BlocksKit/Core
    - BlocksKit/DynamicDelegate
  - CocoaLumberjack (1.8.1):
    - CocoaLumberjack/Extensions
  - CocoaLumberjack/Core (1.8.1)
  - CocoaLumberjack/Extensions (1.8.1):
    - CocoaLumberjack/Core
  - Facebook-iOS-SDK (3.13.0)
  - FlurrySDK (4.3.2):
    - FlurrySDK/FlurrySDK
  - FlurrySDK/FlurrySDK (4.3.2)
  - HexColors (2.2.1)
  - iRate (1.9.3)
  - UIColor+Additions (1.0.1)

DEPENDENCIES:
  - BlocksKit (~> 2.2)
  - CocoaLumberjack (~> 1.8)
  - Facebook-iOS-SDK (~> 3.13)
  - FlurrySDK (~> 4.3)
  - HexColors (~> 2.2)
  - iRate (~> 1.9)
  - UIColor+Additions (~> 1.0)

SPEC CHECKSUMS:
  BlocksKit: 1b106f407a11997fd79e1da31453758e51277613
  CocoaLumberjack: 020378ec400d658923bf5887178394f65f052c90
  Facebook-iOS-SDK: 5788541337dc88265bc940cb5ffb05915f9b64e3
  FlurrySDK: 0ba42379fd272d69246ae06386a2c5688516ffd8
  HexColors: 3a68db077cd6572a8f7d4aa1add284dd2436a934
  iRate: 99aef520b335a1eb4a14a8d9ba5e8db4e1d95bbe
  UIColor+Additions: 70c89ff5bc2d00ac38662d5c02ed7c3bf69e26c4

COCOAPODS: 0.29.0
