// !$*UTF8*$!
{
	archiveVersion = 1;
	classes = {
	};
	objectVersion = 46;
	objects = {

/* Begin PBXBuildFile section */
		026E28D418D4617A00369891 /* Foundation.framework in Frameworks */ = {isa = PBXBuildFile; fileRef = 026E28D318D4617A00369891 /* Foundation.framework */; };
		026E28D618D4617A00369891 /* CoreGraphics.framework in Frameworks */ = {isa = PBXBuildFile; fileRef = 026E28D518D4617A00369891 /* CoreGraphics.framework */; };
		026E28D818D4617A00369891 /* UIKit.framework in Frameworks */ = {isa = PBXBuildFile; fileRef = 026E28D718D4617A00369891 /* UIKit.framework */; };
		026E28DE18D4617A00369891 /* InfoPlist.strings in Resources */ = {isa = PBXBuildFile; fileRef = 026E28DC18D4617A00369891 /* InfoPlist.strings */; };
		026E28E718D4617A00369891 /* Main.storyboard in Resources */ = {isa = PBXBuildFile; fileRef = 026E28E518D4617A00369891 /* Main.storyboard */; };
		026E28EC18D4617A00369891 /* Images.xcassets in Resources */ = {isa = PBXBuildFile; fileRef = 026E28EB18D4617A00369891 /* Images.xcassets */; };
		026E28F318D4617A00369891 /* XCTest.framework in Frameworks */ = {isa = PBXBuildFile; fileRef = 026E28F218D4617A00369891 /* XCTest.framework */; };
		026E28F418D4617A00369891 /* Foundation.framework in Frameworks */ = {isa = PBXBuildFile; fileRef = 026E28D318D4617A00369891 /* Foundation.framework */; };
		026E28F518D4617A00369891 /* UIKit.framework in Frameworks */ = {isa = PBXBuildFile; fileRef = 026E28D718D4617A00369891 /* UIKit.framework */; };
		026E28FD18D4617A00369891 /* InfoPlist.strings in Resources */ = {isa = PBXBuildFile; fileRef = 026E28FB18D4617A00369891 /* InfoPlist.strings */; };
		026E28FF18D4617A00369891 /* _048Tests.m in Sources */ = {isa = PBXBuildFile; fileRef = 026E28FE18D4617A00369891 /* _048Tests.m */; };
		0278092918D5B4CC00FED688 /* SHGameCellView.m in Sources */ = {isa = PBXBuildFile; fileRef = 0278092818D5B4CC00FED688 /* SHGameCellView.m */; };
		0278093818D5C6F400FED688 /* SHColorMixer.m in Sources */ = {isa = PBXBuildFile; fileRef = 0278093718D5C6F400FED688 /* SHColorMixer.m */; };
		0278093E18D6111E00FED688 /* Constants.m in Sources */ = {isa = PBXBuildFile; fileRef = 0278093D18D6111E00FED688 /* Constants.m */; };
		0285BFE218D465640096EA5E /* SHAppDelegate.m in Sources */ = {isa = PBXBuildFile; fileRef = 0285BFE118D465640096EA5E /* SHAppDelegate.m */; };
		0285BFE618D4656D0096EA5E /* 2048-Info.plist in Resources */ = {isa = PBXBuildFile; fileRef = 0285BFE318D4656D0096EA5E /* 2048-Info.plist */; };
		0285BFE718D4656D0096EA5E /* main.m in Sources */ = {isa = PBXBuildFile; fileRef = 0285BFE518D4656D0096EA5E /* main.m */; };
		0285BFEB18D465800096EA5E /* SHViewController.m in Sources */ = {isa = PBXBuildFile; fileRef = 0285BFEA18D465800096EA5E /* SHViewController.m */; };
		0285BFEE18D46B780096EA5E /* SHGameViewController.m in Sources */ = {isa = PBXBuildFile; fileRef = 0285BFED18D46B780096EA5E /* SHGameViewController.m */; };
		0285BFF218D478B30096EA5E /* SHGameCell.m in Sources */ = {isa = PBXBuildFile; fileRef = 0285BFF118D478B30096EA5E /* SHGameCell.m */; };
		0285BFF618D47A450096EA5E /* SHGameCellData.m in Sources */ = {isa = PBXBuildFile; fileRef = 0285BFF518D47A450096EA5E /* SHGameCellData.m */; };
		85EB4336D6E443818D6E9BA2 /* libPods.a in Frameworks */ = {isa = PBXBuildFile; fileRef = 69BE56919F734A13B42841F2 /* libPods.a */; };
		C4FE8EAFD212829F797C4862 /* SHFacebookController.m in Sources */ = {isa = PBXBuildFile; fileRef = C4FE87225297F8D9E9E15680 /* SHFacebookController.m */; };
		C5C2368397F89F09824DCC2B /* UIView+SHAdditions.m in Sources */ = {isa = PBXBuildFile; fileRef = C5C238A1F84FAC788F797239 /* UIView+SHAdditions.m */; };
		ED17BF2D18DB334400A0AF40 /* SHFacebookIntroView.xib in Resources */ = {isa = PBXBuildFile; fileRef = ED17BF2C18DB334400A0AF40 /* SHFacebookIntroView.xib */; };
		ED17BF3018DB353800A0AF40 /* SHFacebookIntroView.m in Sources */ = {isa = PBXBuildFile; fileRef = ED17BF2F18DB353800A0AF40 /* SHFacebookIntroView.m */; };
/* End PBXBuildFile section */

/* Begin PBXContainerItemProxy section */
		026E28F618D4617A00369891 /* PBXContainerItemProxy */ = {
			isa = PBXContainerItemProxy;
			containerPortal = 026E28C818D4617A00369891 /* Project object */;
			proxyType = 1;
			remoteGlobalIDString = 026E28CF18D4617A00369891;
			remoteInfo = 2048;
		};
/* End PBXContainerItemProxy section */

/* Begin PBXFileReference section */
		026E28D018D4617A00369891 /* 2048.app */ = {isa = PBXFileReference; explicitFileType = wrapper.application; includeInIndex = 0; path = 2048.app; sourceTree = BUILT_PRODUCTS_DIR; };
		026E28D318D4617A00369891 /* Foundation.framework */ = {isa = PBXFileReference; lastKnownFileType = wrapper.framework; name = Foundation.framework; path = System/Library/Frameworks/Foundation.framework; sourceTree = SDKROOT; };
		026E28D518D4617A00369891 /* CoreGraphics.framework */ = {isa = PBXFileReference; lastKnownFileType = wrapper.framework; name = CoreGraphics.framework; path = System/Library/Frameworks/CoreGraphics.framework; sourceTree = SDKROOT; };
		026E28D718D4617A00369891 /* UIKit.framework */ = {isa = PBXFileReference; lastKnownFileType = wrapper.framework; name = UIKit.framework; path = System/Library/Frameworks/UIKit.framework; sourceTree = SDKROOT; };
		026E28DD18D4617A00369891 /* en */ = {isa = PBXFileReference; lastKnownFileType = text.plist.strings; name = en; path = en.lproj/InfoPlist.strings; sourceTree = "<group>"; };
		026E28E618D4617A00369891 /* Base */ = {isa = PBXFileReference; lastKnownFileType = file.storyboard; name = Base; path = Base.lproj/Main.storyboard; sourceTree = "<group>"; };
		026E28EB18D4617A00369891 /* Images.xcassets */ = {isa = PBXFileReference; lastKnownFileType = folder.assetcatalog; path = Images.xcassets; sourceTree = "<group>"; };
		026E28F118D4617A00369891 /* 2048Tests.xctest */ = {isa = PBXFileReference; explicitFileType = wrapper.cfbundle; includeInIndex = 0; path = 2048Tests.xctest; sourceTree = BUILT_PRODUCTS_DIR; };
		026E28F218D4617A00369891 /* XCTest.framework */ = {isa = PBXFileReference; lastKnownFileType = wrapper.framework; name = XCTest.framework; path = Library/Frameworks/XCTest.framework; sourceTree = DEVELOPER_DIR; };
		026E28FA18D4617A00369891 /* 2048Tests-Info.plist */ = {isa = PBXFileReference; lastKnownFileType = text.plist.xml; path = "2048Tests-Info.plist"; sourceTree = "<group>"; };
		026E28FC18D4617A00369891 /* en */ = {isa = PBXFileReference; lastKnownFileType = text.plist.strings; name = en; path = en.lproj/InfoPlist.strings; sourceTree = "<group>"; };
		026E28FE18D4617A00369891 /* _048Tests.m */ = {isa = PBXFileReference; lastKnownFileType = sourcecode.c.objc; path = _048Tests.m; sourceTree = "<group>"; };
		0278092718D5B4CC00FED688 /* SHGameCellView.h */ = {isa = PBXFileReference; fileEncoding = 4; lastKnownFileType = sourcecode.c.h; path = SHGameCellView.h; sourceTree = "<group>"; };
		0278092818D5B4CC00FED688 /* SHGameCellView.m */ = {isa = PBXFileReference; fileEncoding = 4; lastKnownFileType = sourcecode.c.objc; path = SHGameCellView.m; sourceTree = "<group>"; };
		0278093618D5C6F400FED688 /* SHColorMixer.h */ = {isa = PBXFileReference; fileEncoding = 4; lastKnownFileType = sourcecode.c.h; path = SHColorMixer.h; sourceTree = "<group>"; };
		0278093718D5C6F400FED688 /* SHColorMixer.m */ = {isa = PBXFileReference; fileEncoding = 4; lastKnownFileType = sourcecode.c.objc; path = SHColorMixer.m; sourceTree = "<group>"; };
		0278093C18D6111E00FED688 /* Constants.h */ = {isa = PBXFileReference; fileEncoding = 4; lastKnownFileType = sourcecode.c.h; name = Constants.h; path = "Supporting Files/Constants.h"; sourceTree = "<group>"; };
		0278093D18D6111E00FED688 /* Constants.m */ = {isa = PBXFileReference; fileEncoding = 4; lastKnownFileType = sourcecode.c.objc; name = Constants.m; path = "Supporting Files/Constants.m"; sourceTree = "<group>"; };
		0285BFE018D465640096EA5E /* SHAppDelegate.h */ = {isa = PBXFileReference; fileEncoding = 4; lastKnownFileType = sourcecode.c.h; name = SHAppDelegate.h; path = "Supporting Files/SHAppDelegate.h"; sourceTree = "<group>"; };
		0285BFE118D465640096EA5E /* SHAppDelegate.m */ = {isa = PBXFileReference; fileEncoding = 4; lastKnownFileType = sourcecode.c.objc; name = SHAppDelegate.m; path = "Supporting Files/SHAppDelegate.m"; sourceTree = "<group>"; };
		0285BFE318D4656D0096EA5E /* 2048-Info.plist */ = {isa = PBXFileReference; fileEncoding = 4; lastKnownFileType = text.plist.xml; name = "2048-Info.plist"; path = "Supporting Files/2048-Info.plist"; sourceTree = "<group>"; };
		0285BFE418D4656D0096EA5E /* 2048-Prefix.pch */ = {isa = PBXFileReference; fileEncoding = 4; lastKnownFileType = sourcecode.c.h; name = "2048-Prefix.pch"; path = "Supporting Files/2048-Prefix.pch"; sourceTree = "<group>"; };
		0285BFE518D4656D0096EA5E /* main.m */ = {isa = PBXFileReference; fileEncoding = 4; lastKnownFileType = sourcecode.c.objc; name = main.m; path = "Supporting Files/main.m"; sourceTree = "<group>"; };
		0285BFE918D465800096EA5E /* SHViewController.h */ = {isa = PBXFileReference; fileEncoding = 4; lastKnownFileType = sourcecode.c.h; path = SHViewController.h; sourceTree = "<group>"; };
		0285BFEA18D465800096EA5E /* SHViewController.m */ = {isa = PBXFileReference; fileEncoding = 4; lastKnownFileType = sourcecode.c.objc; path = SHViewController.m; sourceTree = "<group>"; };
		0285BFEC18D46B780096EA5E /* SHGameViewController.h */ = {isa = PBXFileReference; fileEncoding = 4; lastKnownFileType = sourcecode.c.h; path = SHGameViewController.h; sourceTree = "<group>"; };
		0285BFED18D46B780096EA5E /* SHGameViewController.m */ = {isa = PBXFileReference; fileEncoding = 4; lastKnownFileType = sourcecode.c.objc; path = SHGameViewController.m; sourceTree = "<group>"; };
		0285BFF018D478B30096EA5E /* SHGameCell.h */ = {isa = PBXFileReference; fileEncoding = 4; lastKnownFileType = sourcecode.c.h; path = SHGameCell.h; sourceTree = "<group>"; };
		0285BFF118D478B30096EA5E /* SHGameCell.m */ = {isa = PBXFileReference; fileEncoding = 4; lastKnownFileType = sourcecode.c.objc; path = SHGameCell.m; sourceTree = "<group>"; };
		0285BFF418D47A450096EA5E /* SHGameCellData.h */ = {isa = PBXFileReference; fileEncoding = 4; lastKnownFileType = sourcecode.c.h; path = SHGameCellData.h; sourceTree = "<group>"; };
		0285BFF518D47A450096EA5E /* SHGameCellData.m */ = {isa = PBXFileReference; fileEncoding = 4; lastKnownFileType = sourcecode.c.objc; path = SHGameCellData.m; sourceTree = "<group>"; };
		69BE56919F734A13B42841F2 /* libPods.a */ = {isa = PBXFileReference; explicitFileType = archive.ar; includeInIndex = 0; path = libPods.a; sourceTree = BUILT_PRODUCTS_DIR; };
		9A72807A03D94D5388ECAB10 /* Pods.xcconfig */ = {isa = PBXFileReference; includeInIndex = 1; lastKnownFileType = text.xcconfig; name = Pods.xcconfig; path = Pods/Pods.xcconfig; sourceTree = "<group>"; };
		C4FE87225297F8D9E9E15680 /* SHFacebookController.m */ = {isa = PBXFileReference; fileEncoding = 4; lastKnownFileType = sourcecode.c.objc; path = SHFacebookController.m; sourceTree = "<group>"; };
		C4FE8896C0649A0308191D3D /* SHFacebookController.h */ = {isa = PBXFileReference; fileEncoding = 4; lastKnownFileType = sourcecode.c.h; path = SHFacebookController.h; sourceTree = "<group>"; };
		C5C238A1F84FAC788F797239 /* UIView+SHAdditions.m */ = {isa = PBXFileReference; fileEncoding = 4; lastKnownFileType = sourcecode.c.objc; path = "UIView+SHAdditions.m"; sourceTree = "<group>"; };
		C5C23F82B8B4143E41D14F94 /* UIView+SHAdditions.h */ = {isa = PBXFileReference; fileEncoding = 4; lastKnownFileType = sourcecode.c.h; path = "UIView+SHAdditions.h"; sourceTree = "<group>"; };
		ED17BF2C18DB334400A0AF40 /* SHFacebookIntroView.xib */ = {isa = PBXFileReference; fileEncoding = 4; lastKnownFileType = file.xib; path = SHFacebookIntroView.xib; sourceTree = "<group>"; };
		ED17BF2E18DB353800A0AF40 /* SHFacebookIntroView.h */ = {isa = PBXFileReference; fileEncoding = 4; lastKnownFileType = sourcecode.c.h; path = SHFacebookIntroView.h; sourceTree = "<group>"; };
		ED17BF2F18DB353800A0AF40 /* SHFacebookIntroView.m */ = {isa = PBXFileReference; fileEncoding = 4; lastKnownFileType = sourcecode.c.objc; path = SHFacebookIntroView.m; sourceTree = "<group>"; };
/* End PBXFileReference section */

/* Begin PBXFrameworksBuildPhase section */
		026E28CD18D4617A00369891 /* Frameworks */ = {
			isa = PBXFrameworksBuildPhase;
			buildActionMask = 2147483647;
			files = (
				026E28D618D4617A00369891 /* CoreGraphics.framework in Frameworks */,
				026E28D818D4617A00369891 /* UIKit.framework in Frameworks */,
				026E28D418D4617A00369891 /* Foundation.framework in Frameworks */,
				85EB4336D6E443818D6E9BA2 /* libPods.a in Frameworks */,
			);
			runOnlyForDeploymentPostprocessing = 0;
		};
		026E28EE18D4617A00369891 /* Frameworks */ = {
			isa = PBXFrameworksBuildPhase;
			buildActionMask = 2147483647;
			files = (
				026E28F318D4617A00369891 /* XCTest.framework in Frameworks */,
				026E28F518D4617A00369891 /* UIKit.framework in Frameworks */,
				026E28F418D4617A00369891 /* Foundation.framework in Frameworks */,
			);
			runOnlyForDeploymentPostprocessing = 0;
		};
/* End PBXFrameworksBuildPhase section */

/* Begin PBXGroup section */
		026E28C718D4617A00369891 = {
			isa = PBXGroup;
			children = (
				026E28D918D4617A00369891 /* 2048 */,
				026E28F818D4617A00369891 /* 2048Tests */,
				026E28D218D4617A00369891 /* Frameworks */,
				026E28D118D4617A00369891 /* Products */,
				9A72807A03D94D5388ECAB10 /* Pods.xcconfig */,
			);
			sourceTree = "<group>";
		};
		026E28D118D4617A00369891 /* Products */ = {
			isa = PBXGroup;
			children = (
				026E28D018D4617A00369891 /* 2048.app */,
				026E28F118D4617A00369891 /* 2048Tests.xctest */,
			);
			name = Products;
			sourceTree = "<group>";
		};
		026E28D218D4617A00369891 /* Frameworks */ = {
			isa = PBXGroup;
			children = (
				026E28D318D4617A00369891 /* Foundation.framework */,
				026E28D518D4617A00369891 /* CoreGraphics.framework */,
				026E28D718D4617A00369891 /* UIKit.framework */,
				026E28F218D4617A00369891 /* XCTest.framework */,
				69BE56919F734A13B42841F2 /* libPods.a */,
			);
			name = Frameworks;
			sourceTree = "<group>";
		};
		026E28D918D4617A00369891 /* 2048 */ = {
			isa = PBXGroup;
			children = (
				0285BFE818D465800096EA5E /* Controllers */,
				0285BFEF18D46DC70096EA5E /* Views */,
				0278093518D5C6DC00FED688 /* Helpers */,
				0285BFF318D47A2B0096EA5E /* Models */,
				026E28E518D4617A00369891 /* Main.storyboard */,
				026E28EB18D4617A00369891 /* Images.xcassets */,
				026E28DA18D4617A00369891 /* Supporting Files */,
			);
			path = 2048;
			sourceTree = "<group>";
		};
		026E28DA18D4617A00369891 /* Supporting Files */ = {
			isa = PBXGroup;
			children = (
				0278093C18D6111E00FED688 /* Constants.h */,
				0278093D18D6111E00FED688 /* Constants.m */,
				0285BFE018D465640096EA5E /* SHAppDelegate.h */,
				0285BFE118D465640096EA5E /* SHAppDelegate.m */,
				0285BFE318D4656D0096EA5E /* 2048-Info.plist */,
				0285BFE418D4656D0096EA5E /* 2048-Prefix.pch */,
				0285BFE518D4656D0096EA5E /* main.m */,
				026E28DC18D4617A00369891 /* InfoPlist.strings */,
			);
			name = "Supporting Files";
			sourceTree = "<group>";
		};
		026E28F818D4617A00369891 /* 2048Tests */ = {
			isa = PBXGroup;
			children = (
				026E28FE18D4617A00369891 /* _048Tests.m */,
				026E28F918D4617A00369891 /* Supporting Files */,
			);
			path = 2048Tests;
			sourceTree = "<group>";
		};
		026E28F918D4617A00369891 /* Supporting Files */ = {
			isa = PBXGroup;
			children = (
				026E28FA18D4617A00369891 /* 2048Tests-Info.plist */,
				026E28FB18D4617A00369891 /* InfoPlist.strings */,
			);
			name = "Supporting Files";
			sourceTree = "<group>";
		};
		0278093518D5C6DC00FED688 /* Helpers */ = {
			isa = PBXGroup;
			children = (
				0278093618D5C6F400FED688 /* SHColorMixer.h */,
				0278093718D5C6F400FED688 /* SHColorMixer.m */,
				C5C238A1F84FAC788F797239 /* UIView+SHAdditions.m */,
				C5C23F82B8B4143E41D14F94 /* UIView+SHAdditions.h */,
				C4FE87225297F8D9E9E15680 /* SHFacebookController.m */,
				C4FE8896C0649A0308191D3D /* SHFacebookController.h */,
			);
			path = Helpers;
			sourceTree = "<group>";
		};
		0285BFE818D465800096EA5E /* Controllers */ = {
			isa = PBXGroup;
			children = (
				0285BFE918D465800096EA5E /* SHViewController.h */,
				0285BFEA18D465800096EA5E /* SHViewController.m */,
				0285BFEC18D46B780096EA5E /* SHGameViewController.h */,
				0285BFED18D46B780096EA5E /* SHGameViewController.m */,
			);
			path = Controllers;
			sourceTree = "<group>";
		};
		0285BFEF18D46DC70096EA5E /* Views */ = {
			isa = PBXGroup;
			children = (
				0285BFF018D478B30096EA5E /* SHGameCell.h */,
				0285BFF118D478B30096EA5E /* SHGameCell.m */,
				0278092718D5B4CC00FED688 /* SHGameCellView.h */,
				0278092818D5B4CC00FED688 /* SHGameCellView.m */,
				ED17BF2E18DB353800A0AF40 /* SHFacebookIntroView.h */,
				ED17BF2F18DB353800A0AF40 /* SHFacebookIntroView.m */,
				ED17BF2C18DB334400A0AF40 /* SHFacebookIntroView.xib */,
			);
			path = Views;
			sourceTree = "<group>";
		};
		0285BFF318D47A2B0096EA5E /* Models */ = {
			isa = PBXGroup;
			children = (
				0285BFF418D47A450096EA5E /* SHGameCellData.h */,
				0285BFF518D47A450096EA5E /* SHGameCellData.m */,
			);
			path = Models;
			sourceTree = "<group>";
		};
/* End PBXGroup section */

/* Begin PBXNativeTarget section */
		026E28CF18D4617A00369891 /* 2048 */ = {
			isa = PBXNativeTarget;
			buildConfigurationList = 026E290218D4617A00369891 /* Build configuration list for PBXNativeTarget "2048" */;
			buildPhases = (
				D3B02BC0C7594B7192781DE1 /* Check Pods Manifest.lock */,
				026E28CC18D4617A00369891 /* Sources */,
				026E28CD18D4617A00369891 /* Frameworks */,
				026E28CE18D4617A00369891 /* Resources */,
				62E671ED979D4461AFCED2DF /* Copy Pods Resources */,
			);
			buildRules = (
			);
			dependencies = (
			);
			name = 2048;
			productName = 2048;
			productReference = 026E28D018D4617A00369891 /* 2048.app */;
			productType = "com.apple.product-type.application";
		};
		026E28F018D4617A00369891 /* 2048Tests */ = {
			isa = PBXNativeTarget;
			buildConfigurationList = 026E290518D4617A00369891 /* Build configuration list for PBXNativeTarget "2048Tests" */;
			buildPhases = (
				026E28ED18D4617A00369891 /* Sources */,
				026E28EE18D4617A00369891 /* Frameworks */,
				026E28EF18D4617A00369891 /* Resources */,
			);
			buildRules = (
			);
			dependencies = (
				026E28F718D4617A00369891 /* PBXTargetDependency */,
			);
			name = 2048Tests;
			productName = 2048Tests;
			productReference = 026E28F118D4617A00369891 /* 2048Tests.xctest */;
			productType = "com.apple.product-type.bundle.unit-test";
		};
/* End PBXNativeTarget section */

/* Begin PBXProject section */
		026E28C818D4617A00369891 /* Project object */ = {
			isa = PBXProject;
			attributes = {
				CLASSPREFIX = SH;
				LastUpgradeCheck = 0510;
				ORGANIZATIONNAME = Shyahi;
				TargetAttributes = {
					026E28F018D4617A00369891 = {
						TestTargetID = 026E28CF18D4617A00369891;
					};
				};
			};
			buildConfigurationList = 026E28CB18D4617A00369891 /* Build configuration list for PBXProject "2048" */;
			compatibilityVersion = "Xcode 3.2";
			developmentRegion = English;
			hasScannedForEncodings = 0;
			knownRegions = (
				en,
				Base,
			);
			mainGroup = 026E28C718D4617A00369891;
			productRefGroup = 026E28D118D4617A00369891 /* Products */;
			projectDirPath = "";
			projectRoot = "";
			targets = (
				026E28CF18D4617A00369891 /* 2048 */,
				026E28F018D4617A00369891 /* 2048Tests */,
			);
		};
/* End PBXProject section */

/* Begin PBXResourcesBuildPhase section */
		026E28CE18D4617A00369891 /* Resources */ = {
			isa = PBXResourcesBuildPhase;
			buildActionMask = 2147483647;
			files = (
				0285BFE618D4656D0096EA5E /* 2048-Info.plist in Resources */,
				026E28EC18D4617A00369891 /* Images.xcassets in Resources */,
				026E28DE18D4617A00369891 /* InfoPlist.strings in Resources */,
				ED17BF2D18DB334400A0AF40 /* SHFacebookIntroView.xib in Resources */,
				026E28E718D4617A00369891 /* Main.storyboard in Resources */,
			);
			runOnlyForDeploymentPostprocessing = 0;
		};
		026E28EF18D4617A00369891 /* Resources */ = {
			isa = PBXResourcesBuildPhase;
			buildActionMask = 2147483647;
			files = (
				026E28FD18D4617A00369891 /* InfoPlist.strings in Resources */,
			);
			runOnlyForDeploymentPostprocessing = 0;
		};
/* End PBXResourcesBuildPhase section */

/* Begin PBXShellScriptBuildPhase section */
		62E671ED979D4461AFCED2DF /* Copy Pods Resources */ = {
			isa = PBXShellScriptBuildPhase;
			buildActionMask = 2147483647;
			files = (
			);
			inputPaths = (
			);
			name = "Copy Pods Resources";
			outputPaths = (
			);
			runOnlyForDeploymentPostprocessing = 0;
			shellPath = /bin/sh;
			shellScript = "\"${SRCROOT}/Pods/Pods-resources.sh\"\n";
			showEnvVarsInLog = 0;
		};
		D3B02BC0C7594B7192781DE1 /* Check Pods Manifest.lock */ = {
			isa = PBXShellScriptBuildPhase;
			buildActionMask = 2147483647;
			files = (
			);
			inputPaths = (
			);
			name = "Check Pods Manifest.lock";
			outputPaths = (
			);
			runOnlyForDeploymentPostprocessing = 0;
			shellPath = /bin/sh;
			shellScript = "diff \"${PODS_ROOT}/../Podfile.lock\" \"${PODS_ROOT}/Manifest.lock\" > /dev/null\nif [[ $? != 0 ]] ; then\n    cat << EOM\nerror: The sandbox is not in sync with the Podfile.lock. Run 'pod install' or update your CocoaPods installation.\nEOM\n    exit 1\nfi\n";
			showEnvVarsInLog = 0;
		};
/* End PBXShellScriptBuildPhase section */

/* Begin PBXSourcesBuildPhase section */
		026E28CC18D4617A00369891 /* Sources */ = {
			isa = PBXSourcesBuildPhase;
			buildActionMask = 2147483647;
			files = (
				0278093818D5C6F400FED688 /* SHColorMixer.m in Sources */,
				0285BFF618D47A450096EA5E /* SHGameCellData.m in Sources */,
				0285BFE718D4656D0096EA5E /* main.m in Sources */,
				0285BFEE18D46B780096EA5E /* SHGameViewController.m in Sources */,
				ED17BF3018DB353800A0AF40 /* SHFacebookIntroView.m in Sources */,
				0285BFE218D465640096EA5E /* SHAppDelegate.m in Sources */,
				0285BFEB18D465800096EA5E /* SHViewController.m in Sources */,
				0285BFF218D478B30096EA5E /* SHGameCell.m in Sources */,
				0278092918D5B4CC00FED688 /* SHGameCellView.m in Sources */,
				0278093E18D6111E00FED688 /* Constants.m in Sources */,
				C5C2368397F89F09824DCC2B /* UIView+SHAdditions.m in Sources */,
				C4FE8EAFD212829F797C4862 /* SHFacebookController.m in Sources */,
			);
			runOnlyForDeploymentPostprocessing = 0;
		};
		026E28ED18D4617A00369891 /* Sources */ = {
			isa = PBXSourcesBuildPhase;
			buildActionMask = 2147483647;
			files = (
				026E28FF18D4617A00369891 /* _048Tests.m in Sources */,
			);
			runOnlyForDeploymentPostprocessing = 0;
		};
/* End PBXSourcesBuildPhase section */

/* Begin PBXTargetDependency section */
		026E28F718D4617A00369891 /* PBXTargetDependency */ = {
			isa = PBXTargetDependency;
			target = 026E28CF18D4617A00369891 /* 2048 */;
			targetProxy = 026E28F618D4617A00369891 /* PBXContainerItemProxy */;
		};
/* End PBXTargetDependency section */

/* Begin PBXVariantGroup section */
		026E28DC18D4617A00369891 /* InfoPlist.strings */ = {
			isa = PBXVariantGroup;
			children = (
				026E28DD18D4617A00369891 /* en */,
			);
			name = InfoPlist.strings;
			sourceTree = "<group>";
		};
		026E28E518D4617A00369891 /* Main.storyboard */ = {
			isa = PBXVariantGroup;
			children = (
				026E28E618D4617A00369891 /* Base */,
			);
			name = Main.storyboard;
			sourceTree = "<group>";
		};
		026E28FB18D4617A00369891 /* InfoPlist.strings */ = {
			isa = PBXVariantGroup;
			children = (
				026E28FC18D4617A00369891 /* en */,
			);
			name = InfoPlist.strings;
			sourceTree = "<group>";
		};
/* End PBXVariantGroup section */

/* Begin XCBuildConfiguration section */
		026E290018D4617A00369891 /* Debug */ = {
			isa = XCBuildConfiguration;
			buildSettings = {
				ALWAYS_SEARCH_USER_PATHS = NO;
				CLANG_CXX_LANGUAGE_STANDARD = "gnu++0x";
				CLANG_CXX_LIBRARY = "libc++";
				CLANG_ENABLE_MODULES = YES;
				CLANG_ENABLE_OBJC_ARC = YES;
				CLANG_WARN_BOOL_CONVERSION = YES;
				CLANG_WARN_CONSTANT_CONVERSION = YES;
				CLANG_WARN_DIRECT_OBJC_ISA_USAGE = YES_ERROR;
				CLANG_WARN_EMPTY_BODY = YES;
				CLANG_WARN_ENUM_CONVERSION = YES;
				CLANG_WARN_INT_CONVERSION = YES;
				CLANG_WARN_OBJC_ROOT_CLASS = YES_ERROR;
				CLANG_WARN__DUPLICATE_METHOD_MATCH = YES;
				"CODE_SIGN_IDENTITY[sdk=iphoneos*]" = "iPhone Developer";
				COPY_PHASE_STRIP = NO;
				GCC_C_LANGUAGE_STANDARD = gnu99;
				GCC_DYNAMIC_NO_PIC = NO;
				GCC_OPTIMIZATION_LEVEL = 0;
				GCC_PREPROCESSOR_DEFINITIONS = (
					"DEBUG=1",
					"$(inherited)",
				);
				GCC_SYMBOLS_PRIVATE_EXTERN = NO;
				GCC_WARN_64_TO_32_BIT_CONVERSION = YES;
				GCC_WARN_ABOUT_RETURN_TYPE = YES_ERROR;
				GCC_WARN_UNDECLARED_SELECTOR = YES;
				GCC_WARN_UNINITIALIZED_AUTOS = YES_AGGRESSIVE;
				GCC_WARN_UNUSED_FUNCTION = YES;
				GCC_WARN_UNUSED_VARIABLE = YES;
				IPHONEOS_DEPLOYMENT_TARGET = 7.1;
				ONLY_ACTIVE_ARCH = YES;
				SDKROOT = iphoneos;
			};
			name = Debug;
		};
		026E290118D4617A00369891 /* Release */ = {
			isa = XCBuildConfiguration;
			buildSettings = {
				ALWAYS_SEARCH_USER_PATHS = NO;
				CLANG_CXX_LANGUAGE_STANDARD = "gnu++0x";
				CLANG_CXX_LIBRARY = "libc++";
				CLANG_ENABLE_MODULES = YES;
				CLANG_ENABLE_OBJC_ARC = YES;
				CLANG_WARN_BOOL_CONVERSION = YES;
				CLANG_WARN_CONSTANT_CONVERSION = YES;
				CLANG_WARN_DIRECT_OBJC_ISA_USAGE = YES_ERROR;
				CLANG_WARN_EMPTY_BODY = YES;
				CLANG_WARN_ENUM_CONVERSION = YES;
				CLANG_WARN_INT_CONVERSION = YES;
				CLANG_WARN_OBJC_ROOT_CLASS = YES_ERROR;
				CLANG_WARN__DUPLICATE_METHOD_MATCH = YES;
				"CODE_SIGN_IDENTITY[sdk=iphoneos*]" = "iPhone Developer";
				COPY_PHASE_STRIP = YES;
				ENABLE_NS_ASSERTIONS = NO;
				GCC_C_LANGUAGE_STANDARD = gnu99;
				GCC_WARN_64_TO_32_BIT_CONVERSION = YES;
				GCC_WARN_ABOUT_RETURN_TYPE = YES_ERROR;
				GCC_WARN_UNDECLARED_SELECTOR = YES;
				GCC_WARN_UNINITIALIZED_AUTOS = YES_AGGRESSIVE;
				GCC_WARN_UNUSED_FUNCTION = YES;
				GCC_WARN_UNUSED_VARIABLE = YES;
				IPHONEOS_DEPLOYMENT_TARGET = 7.1;
				SDKROOT = iphoneos;
				VALIDATE_PRODUCT = YES;
			};
			name = Release;
		};
		026E290318D4617A00369891 /* Debug */ = {
			isa = XCBuildConfiguration;
			baseConfigurationReference = 9A72807A03D94D5388ECAB10 /* Pods.xcconfig */;
			buildSettings = {
				ASSETCATALOG_COMPILER_APPICON_NAME = AppIcon;
				ASSETCATALOG_COMPILER_LAUNCHIMAGE_NAME = LaunchImage;
				GCC_PRECOMPILE_PREFIX_HEADER = YES;
				GCC_PREFIX_HEADER = "2048/Supporting Files/2048-Prefix.pch";
				INFOPLIST_FILE = "2048/Supporting Files/2048-Info.plist";
				PRODUCT_NAME = "$(TARGET_NAME)";
				USER_HEADER_SEARCH_PATHS = "\"${PROJECT_DIR}/Pods\"/**";
				WRAPPER_EXTENSION = app;
			};
			name = Debug;
		};
		026E290418D4617A00369891 /* Release */ = {
			isa = XCBuildConfiguration;
			baseConfigurationReference = 9A72807A03D94D5388ECAB10 /* Pods.xcconfig */;
			buildSettings = {
				ASSETCATALOG_COMPILER_APPICON_NAME = AppIcon;
				ASSETCATALOG_COMPILER_LAUNCHIMAGE_NAME = LaunchImage;
				GCC_PRECOMPILE_PREFIX_HEADER = YES;
				GCC_PREFIX_HEADER = "2048/Supporting Files/2048-Prefix.pch";
				INFOPLIST_FILE = "2048/Supporting Files/2048-Info.plist";
				PRODUCT_NAME = "$(TARGET_NAME)";
				USER_HEADER_SEARCH_PATHS = "\"${PROJECT_DIR}/Pods\"/**";
				WRAPPER_EXTENSION = app;
			};
			name = Release;
		};
		026E290618D4617A00369891 /* Debug */ = {
			isa = XCBuildConfiguration;
			buildSettings = {
				BUNDLE_LOADER = "$(BUILT_PRODUCTS_DIR)/2048.app/2048";
				FRAMEWORK_SEARCH_PATHS = (
					"$(SDKROOT)/Developer/Library/Frameworks",
					"$(inherited)",
					"$(DEVELOPER_FRAMEWORKS_DIR)",
				);
				GCC_PRECOMPILE_PREFIX_HEADER = YES;
				GCC_PREFIX_HEADER = "2048/2048-Prefix.pch";
				GCC_PREPROCESSOR_DEFINITIONS = (
					"DEBUG=1",
					"$(inherited)",
				);
				INFOPLIST_FILE = "2048Tests/2048Tests-Info.plist";
				PRODUCT_NAME = "$(TARGET_NAME)";
				TEST_HOST = "$(BUNDLE_LOADER)";
				WRAPPER_EXTENSION = xctest;
			};
			name = Debug;
		};
		026E290718D4617A00369891 /* Release */ = {
			isa = XCBuildConfiguration;
			buildSettings = {
				BUNDLE_LOADER = "$(BUILT_PRODUCTS_DIR)/2048.app/2048";
				FRAMEWORK_SEARCH_PATHS = (
					"$(SDKROOT)/Developer/Library/Frameworks",
					"$(inherited)",
					"$(DEVELOPER_FRAMEWORKS_DIR)",
				);
				GCC_PRECOMPILE_PREFIX_HEADER = YES;
				GCC_PREFIX_HEADER = "2048/2048-Prefix.pch";
				INFOPLIST_FILE = "2048Tests/2048Tests-Info.plist";
				PRODUCT_NAME = "$(TARGET_NAME)";
				TEST_HOST = "$(BUNDLE_LOADER)";
				WRAPPER_EXTENSION = xctest;
			};
			name = Release;
		};
/* End XCBuildConfiguration section */

/* Begin XCConfigurationList section */
		026E28CB18D4617A00369891 /* Build configuration list for PBXProject "2048" */ = {
			isa = XCConfigurationList;
			buildConfigurations = (
				026E290018D4617A00369891 /* Debug */,
				026E290118D4617A00369891 /* Release */,
			);
			defaultConfigurationIsVisible = 0;
			defaultConfigurationName = Release;
		};
		026E290218D4617A00369891 /* Build configuration list for PBXNativeTarget "2048" */ = {
			isa = XCConfigurationList;
			buildConfigurations = (
				026E290318D4617A00369891 /* Debug */,
				026E290418D4617A00369891 /* Release */,
			);
			defaultConfigurationIsVisible = 0;
			defaultConfigurationName = Release;
		};
		026E290518D4617A00369891 /* Build configuration list for PBXNativeTarget "2048Tests" */ = {
			isa = XCConfigurationList;
			buildConfigurations = (
				026E290618D4617A00369891 /* Debug */,
				026E290718D4617A00369891 /* Release */,
			);
			defaultConfigurationIsVisible = 0;
			defaultConfigurationName = Release;
		};
/* End XCConfigurationList section */
	};
	rootObject = 026E28C818D4617A00369891 /* Project object */;
}
